
Microsoft Visual Studio Solution File, Format Version 12.00
# Visual Studio 15
VisualStudioVersion = 15.0.27703.2000
MinimumVisualStudioVersion = 10.0.40219.1
Project("{FAE04EC0-301F-11D3-BF4B-00C04F79EFBC}") = "RandomCampaignStart", "RandomCampaignStart\RandomCampaignStart.csproj", "{20CEF650-C940-4B2A-BB30-F382B3778C6E}"
EndProject
Global
	GlobalSection(SolutionConfigurationPlatforms) = preSolution
		Release|Any CPU = Release|Any CPU
	EndGlobalSection
	GlobalSection(ProjectConfigurationPlatforms) = postSolution
		{20CEF650-C940-4B2A-BB30-F382B3778C6E}.Release|Any CPU.ActiveCfg = Release|Any CPU
		{20CEF650-C940-4B2A-BB30-F382B3778C6E}.Release|Any CPU.Build.0 = Release|Any CPU
	EndGlobalSection
	GlobalSection(SolutionProperties) = preSolution
		HideSolutionNode = FALSE
	EndGlobalSection
	GlobalSection(ExtensibilityGlobals) = postSolution
		SolutionGuid = {293C6B86-BACD-4E42-89D4-8F88B4BE233F}
	EndGlobalSection
EndGlobal
